{
  "pins" : [
    {
      "identity" : "searchview",
      "kind" : "remoteSourceControl",
      "location" : "https://github.com/cs4alhaider/SearchView.git",
      "state" : {
        "branch" : "master",
        "revision" : "93b0086f384d42f3cb613a395321a191e63186d4"
      }
    }
  ],
  "version" : 2
}
