{
  "pins" : [
    {
      "identity" : "searchview",
      "kind" : "remoteSourceControl",
      "location" : "https://github.com/cs4alhaider/SearchView.git",
      "state" : {
        "branch" : "master",
        "revision" : "cd5bf3dc5b81c2822864fa5a57b1892887a5b34f"
      }
    }
  ],
  "version" : 2
}
