{
  "pins" : [
    {
      "identity" : "searchview",
      "kind" : "remoteSourceControl",
      "location" : "https://github.com/cs4alhaider/SearchView.git",
      "state" : {
        "branch" : "master",
        "revision" : "5d4daae0b416f7ec75a2e93622337ed8995cf6d1"
      }
    }
  ],
  "version" : 2
}
